
Microsoft Visual Studio Solution File, Format Version 12.00
# Visual Studio Version 16
VisualStudioVersion = 16.0.29418.71
MinimumVisualStudioVersion = 10.0.40219.1
Project("{FAE04EC0-301F-11D3-BF4B-00C04F79EFBC}") = "NewsMan", "NewsMan\NewsMan.csproj", "{CDD21122-AA3D-4A3F-9654-E88C5375348B}"
EndProject
Project("{FAE04EC0-301F-11D3-BF4B-00C04F79EFBC}") = "NewsMan.Data", "NewsMan.Data\NewsMan.Data.csproj", "{3E8F6BEB-8C77-409E-8AFB-4C2AC4908ADA}"
EndProject
Project("{FAE04EC0-301F-11D3-BF4B-00C04F79EFBC}") = "NewsMan.Service", "NewsMan.Service\NewsMan.Service.csproj", "{8770E14F-AED6-4226-8FF7-A26B0C609CC3}"
EndProject
Global
	GlobalSection(SolutionConfigurationPlatforms) = preSolution
		Debug|Any CPU = Debug|Any CPU
		Release|Any CPU = Release|Any CPU
	EndGlobalSection
	GlobalSection(ProjectConfigurationPlatforms) = postSolution
		{CDD21122-AA3D-4A3F-9654-E88C5375348B}.Debug|Any CPU.ActiveCfg = Debug|Any CPU
		{CDD21122-AA3D-4A3F-9654-E88C5375348B}.Debug|Any CPU.Build.0 = Debug|Any CPU
		{CDD21122-AA3D-4A3F-9654-E88C5375348B}.Release|Any CPU.ActiveCfg = Release|Any CPU
		{CDD21122-AA3D-4A3F-9654-E88C5375348B}.Release|Any CPU.Build.0 = Release|Any CPU
		{3E8F6BEB-8C77-409E-8AFB-4C2AC4908ADA}.Debug|Any CPU.ActiveCfg = Debug|Any CPU
		{3E8F6BEB-8C77-409E-8AFB-4C2AC4908ADA}.Debug|Any CPU.Build.0 = Debug|Any CPU
		{3E8F6BEB-8C77-409E-8AFB-4C2AC4908ADA}.Release|Any CPU.ActiveCfg = Release|Any CPU
		{3E8F6BEB-8C77-409E-8AFB-4C2AC4908ADA}.Release|Any CPU.Build.0 = Release|Any CPU
		{8770E14F-AED6-4226-8FF7-A26B0C609CC3}.Debug|Any CPU.ActiveCfg = Debug|Any CPU
		{8770E14F-AED6-4226-8FF7-A26B0C609CC3}.Debug|Any CPU.Build.0 = Debug|Any CPU
		{8770E14F-AED6-4226-8FF7-A26B0C609CC3}.Release|Any CPU.ActiveCfg = Release|Any CPU
		{8770E14F-AED6-4226-8FF7-A26B0C609CC3}.Release|Any CPU.Build.0 = Release|Any CPU
	EndGlobalSection
	GlobalSection(SolutionProperties) = preSolution
		HideSolutionNode = FALSE
	EndGlobalSection
	GlobalSection(ExtensibilityGlobals) = postSolution
		SolutionGuid = {5D528EC3-ACFB-4998-8527-5C67C66A93C1}
	EndGlobalSection
EndGlobal
